{
  "name": "tap-dancer",
  "version": "0.3.4",
  "lockfileVersion": 2,
  "requires": true,
  "packages": {
    "": {
      "name": "tap-dancer",
      "version": "0.3.4",
      "license": "MIT",
      "dependencies": {
        "colorette": "^1.2.2",
        "tap-parser": "^18.3.4"
      },
      "bin": {
        "tap-dancer": "src/cli.js"
      },
      "engines": {
        "node": "20 || >=22"
      }
    },
    "node_modules/colorette": {
      "version": "1.2.2",
      "resolved": "https://registry.npmjs.org/colorette/-/colorette-1.2.2.tgz",
      "integrity": "sha512-MKGMzyfeuutC/ZJ1cba9NqcNpfeqMUcYmyF1ZFY6/Cn7CNSAKx6a+s48sqLqyAiZuaP2TcqMhoo+dlwFnVxT9w=="
    },
    "node_modules/events-to-array": {
      "version": "2.0.3",
      "resolved": "https://registry.npmjs.org/events-to-array/-/events-to-array-2.0.3.tgz",
      "integrity": "sha512-f/qE2gImHRa4Cp2y1stEOSgw8wTFyUdVJX7G//bMwbaV9JqISFxg99NbmVQeP7YLnDUZ2un851jlaDrlpmGehQ==",
      "license": "ISC",
      "engines": {
        "node": ">=12"
      }
    },
    "node_modules/tap-parser": {
      "version": "18.3.4",
      "resolved": "https://registry.npmjs.org/tap-parser/-/tap-parser-18.3.4.tgz",
      "integrity": "sha512-CiqzdpWn2CvONcWp7UNMF9/rCPJwCz0es+qykkgJruu1Y/rAS8A5MEQujmjx9NErfst3dGiZJU3lDS2jBsgbPA==",
      "license": "BlueOak-1.0.0",
      "dependencies": {
        "events-to-array": "^2.0.3",
        "tap-yaml": "4.4.2"
      },
      "bin": {
        "tap-parser": "bin/cmd.cjs"
      },
      "engines": {
        "node": "20 || >=22"
      }
    },
    "node_modules/tap-yaml": {
      "version": "4.4.2",
      "resolved": "https://registry.npmjs.org/tap-yaml/-/tap-yaml-4.4.2.tgz",
      "integrity": "sha512-03mQI7QhfVZHJqGgFyxNTgUbgsG41ZzpWSb7k1Gangmf9hF71Jpb0Fczs7KtOdUDaHx+KxlPUdM2pQJaijebGA==",
      "license": "BlueOak-1.0.0",
      "dependencies": {
        "yaml": "^2.8.3",
        "yaml-types": "^0.4.0"
      },
      "engines": {
        "node": "20 || >=22"
      }
    },
    "node_modules/yaml": {
      "version": "2.9.1",
      "resolved": "https://registry.npmjs.org/yaml/-/yaml-2.9.1.tgz",
      "integrity": "sha512-3NxN8+78OdzbT7C/WjGsyfPAtJaN3FNDsWxv7Y7mcDsT/oOmgW8BpyQQFFBnvZE3j9Y2Sdz1ULFLezL7Eb2yFw==",
      "license": "ISC",
      "bin": {
        "yaml": "bin.mjs"
      },
      "engines": {
        "node": ">= 14.6"
      },
      "funding": {
        "url": "https://github.com/sponsors/eemeli"
      }
    },
    "node_modules/yaml-types": {
      "version": "0.4.0",
      "resolved": "https://registry.npmjs.org/yaml-types/-/yaml-types-0.4.0.tgz",
      "integrity": "sha512-XfbA30NUg4/LWUiplMbiufUiwYhgB9jvBhTWel7XQqjV+GaB79c2tROu/8/Tu7jO0HvDvnKWtBk5ksWRrhQ/0g==",
      "license": "ISC",
      "engines": {
        "node": ">= 16",
        "npm": ">= 7"
      },
      "peerDependencies": {
        "yaml": "^2.3.0"
      }
    }
  },
  "dependencies": {
    "colorette": {
      "version": "1.2.2",
      "resolved": "https://registry.npmjs.org/colorette/-/colorette-1.2.2.tgz",
      "integrity": "sha512-MKGMzyfeuutC/ZJ1cba9NqcNpfeqMUcYmyF1ZFY6/Cn7CNSAKx6a+s48sqLqyAiZuaP2TcqMhoo+dlwFnVxT9w=="
    },
    "events-to-array": {
      "version": "2.0.3",
      "resolved": "https://registry.npmjs.org/events-to-array/-/events-to-array-2.0.3.tgz",
      "integrity": "sha512-f/qE2gImHRa4Cp2y1stEOSgw8wTFyUdVJX7G//bMwbaV9JqISFxg99NbmVQeP7YLnDUZ2un851jlaDrlpmGehQ=="
    },
    "tap-parser": {
      "version": "18.3.4",
      "resolved": "https://registry.npmjs.org/tap-parser/-/tap-parser-18.3.4.tgz",
      "integrity": "sha512-CiqzdpWn2CvONcWp7UNMF9/rCPJwCz0es+qykkgJruu1Y/rAS8A5MEQujmjx9NErfst3dGiZJU3lDS2jBsgbPA==",
      "requires": {
        "events-to-array": "^2.0.3",
        "tap-yaml": "4.4.2"
      }
    },
    "tap-yaml": {
      "version": "4.4.2",
      "resolved": "https://registry.npmjs.org/tap-yaml/-/tap-yaml-4.4.2.tgz",
      "integrity": "sha512-03mQI7QhfVZHJqGgFyxNTgUbgsG41ZzpWSb7k1Gangmf9hF71Jpb0Fczs7KtOdUDaHx+KxlPUdM2pQJaijebGA==",
      "requires": {
        "yaml": "^2.8.3",
        "yaml-types": "^0.4.0"
      }
    },
    "yaml": {
      "version": "2.9.1",
      "resolved": "https://registry.npmjs.org/yaml/-/yaml-2.9.1.tgz",
      "integrity": "sha512-3NxN8+78OdzbT7C/WjGsyfPAtJaN3FNDsWxv7Y7mcDsT/oOmgW8BpyQQFFBnvZE3j9Y2Sdz1ULFLezL7Eb2yFw=="
    },
    "yaml-types": {
      "version": "0.4.0",
      "resolved": "https://registry.npmjs.org/yaml-types/-/yaml-types-0.4.0.tgz",
      "integrity": "sha512-XfbA30NUg4/LWUiplMbiufUiwYhgB9jvBhTWel7XQqjV+GaB79c2tROu/8/Tu7jO0HvDvnKWtBk5ksWRrhQ/0g==",
      "requires": {}
    }
  }
}
